
Microsoft Visual Studio Solution File, Format Version 12.00
# Visual Studio 15
VisualStudioVersion = 15.0.28307.1321
MinimumVisualStudioVersion = 10.0.40219.1
Project("{FAE04EC0-301F-11D3-BF4B-00C04F79EFBC}") = "Kapitulli_6_detyra10", "Kapitulli_6_detyra10\Kapitulli_6_detyra10.csproj", "{8E9563DC-B621-445E-8E78-5E2EDE8EA56D}"
EndProject
Global
	GlobalSection(SolutionConfigurationPlatforms) = preSolution
		Debug|Any CPU = Debug|Any CPU
		Release|Any CPU = Release|Any CPU
	EndGlobalSection
	GlobalSection(ProjectConfigurationPlatforms) = postSolution
		{8E9563DC-B621-445E-8E78-5E2EDE8EA56D}.Debug|Any CPU.ActiveCfg = Debug|Any CPU
		{8E9563DC-B621-445E-8E78-5E2EDE8EA56D}.Debug|Any CPU.Build.0 = Debug|Any CPU
		{8E9563DC-B621-445E-8E78-5E2EDE8EA56D}.Release|Any CPU.ActiveCfg = Release|Any CPU
		{8E9563DC-B621-445E-8E78-5E2EDE8EA56D}.Release|Any CPU.Build.0 = Release|Any CPU
	EndGlobalSection
	GlobalSection(SolutionProperties) = preSolution
		HideSolutionNode = FALSE
	EndGlobalSection
	GlobalSection(ExtensibilityGlobals) = postSolution
		SolutionGuid = {932DAAD0-4371-477F-9959-E709F09CDF14}
	EndGlobalSection
EndGlobal
