
Microsoft Visual Studio Solution File, Format Version 12.00
# Visual Studio 15
VisualStudioVersion = 15.0.28307.1321
MinimumVisualStudioVersion = 10.0.40219.1
Project("{FAE04EC0-301F-11D3-BF4B-00C04F79EFBC}") = "Kapitulli_9_detyra6", "Kapitulli_9_detyra6\Kapitulli_9_detyra6.csproj", "{83449A03-D8AE-461E-8FC4-863B8DEB3288}"
EndProject
Global
	GlobalSection(SolutionConfigurationPlatforms) = preSolution
		Debug|Any CPU = Debug|Any CPU
		Release|Any CPU = Release|Any CPU
	EndGlobalSection
	GlobalSection(ProjectConfigurationPlatforms) = postSolution
		{83449A03-D8AE-461E-8FC4-863B8DEB3288}.Debug|Any CPU.ActiveCfg = Debug|Any CPU
		{83449A03-D8AE-461E-8FC4-863B8DEB3288}.Debug|Any CPU.Build.0 = Debug|Any CPU
		{83449A03-D8AE-461E-8FC4-863B8DEB3288}.Release|Any CPU.ActiveCfg = Release|Any CPU
		{83449A03-D8AE-461E-8FC4-863B8DEB3288}.Release|Any CPU.Build.0 = Release|Any CPU
	EndGlobalSection
	GlobalSection(SolutionProperties) = preSolution
		HideSolutionNode = FALSE
	EndGlobalSection
	GlobalSection(ExtensibilityGlobals) = postSolution
		SolutionGuid = {977FFDE5-C509-438E-B1BF-2BFB93500C2F}
	EndGlobalSection
EndGlobal
