
Microsoft Visual Studio Solution File, Format Version 12.00
# Visual Studio 15
VisualStudioVersion = 15.0.28307.1321
MinimumVisualStudioVersion = 10.0.40219.1
Project("{FAE04EC0-301F-11D3-BF4B-00C04F79EFBC}") = "Kapitulli_9_detyra1", "Kapitulli_9_detyra1\Kapitulli_9_detyra1.csproj", "{E56C9FD8-FF77-471C-B3EF-B61D3F173C2E}"
EndProject
Global
	GlobalSection(SolutionConfigurationPlatforms) = preSolution
		Debug|Any CPU = Debug|Any CPU
		Release|Any CPU = Release|Any CPU
	EndGlobalSection
	GlobalSection(ProjectConfigurationPlatforms) = postSolution
		{E56C9FD8-FF77-471C-B3EF-B61D3F173C2E}.Debug|Any CPU.ActiveCfg = Debug|Any CPU
		{E56C9FD8-FF77-471C-B3EF-B61D3F173C2E}.Debug|Any CPU.Build.0 = Debug|Any CPU
		{E56C9FD8-FF77-471C-B3EF-B61D3F173C2E}.Release|Any CPU.ActiveCfg = Release|Any CPU
		{E56C9FD8-FF77-471C-B3EF-B61D3F173C2E}.Release|Any CPU.Build.0 = Release|Any CPU
	EndGlobalSection
	GlobalSection(SolutionProperties) = preSolution
		HideSolutionNode = FALSE
	EndGlobalSection
	GlobalSection(ExtensibilityGlobals) = postSolution
		SolutionGuid = {8A5A0934-1CC1-4150-8902-B981DDB3120D}
	EndGlobalSection
EndGlobal
