
Microsoft Visual Studio Solution File, Format Version 12.00
# Visual Studio 15
VisualStudioVersion = 15.0.28307.1321
MinimumVisualStudioVersion = 10.0.40219.1
Project("{FAE04EC0-301F-11D3-BF4B-00C04F79EFBC}") = "Kapitulli_10_detyra4", "Kapitulli_10_detyra4\Kapitulli_10_detyra4.csproj", "{6A7EE7C8-043A-45BD-A866-BCCD73B700C6}"
EndProject
Global
	GlobalSection(SolutionConfigurationPlatforms) = preSolution
		Debug|Any CPU = Debug|Any CPU
		Release|Any CPU = Release|Any CPU
	EndGlobalSection
	GlobalSection(ProjectConfigurationPlatforms) = postSolution
		{6A7EE7C8-043A-45BD-A866-BCCD73B700C6}.Debug|Any CPU.ActiveCfg = Debug|Any CPU
		{6A7EE7C8-043A-45BD-A866-BCCD73B700C6}.Debug|Any CPU.Build.0 = Debug|Any CPU
		{6A7EE7C8-043A-45BD-A866-BCCD73B700C6}.Release|Any CPU.ActiveCfg = Release|Any CPU
		{6A7EE7C8-043A-45BD-A866-BCCD73B700C6}.Release|Any CPU.Build.0 = Release|Any CPU
	EndGlobalSection
	GlobalSection(SolutionProperties) = preSolution
		HideSolutionNode = FALSE
	EndGlobalSection
	GlobalSection(ExtensibilityGlobals) = postSolution
		SolutionGuid = {4F9D23DD-8ED3-4BDF-8C96-639F60CEF80F}
	EndGlobalSection
EndGlobal
