
Microsoft Visual Studio Solution File, Format Version 12.00
# Visual Studio 15
VisualStudioVersion = 15.0.28307.1321
MinimumVisualStudioVersion = 10.0.40219.1
Project("{FAE04EC0-301F-11D3-BF4B-00C04F79EFBC}") = "Kapitulli_6_detyra5", "Kapitulli_6_detyra5\Kapitulli_6_detyra5.csproj", "{61EA1B4E-C944-4E67-B19A-159B697CBA84}"
EndProject
Global
	GlobalSection(SolutionConfigurationPlatforms) = preSolution
		Debug|Any CPU = Debug|Any CPU
		Release|Any CPU = Release|Any CPU
	EndGlobalSection
	GlobalSection(ProjectConfigurationPlatforms) = postSolution
		{61EA1B4E-C944-4E67-B19A-159B697CBA84}.Debug|Any CPU.ActiveCfg = Debug|Any CPU
		{61EA1B4E-C944-4E67-B19A-159B697CBA84}.Debug|Any CPU.Build.0 = Debug|Any CPU
		{61EA1B4E-C944-4E67-B19A-159B697CBA84}.Release|Any CPU.ActiveCfg = Release|Any CPU
		{61EA1B4E-C944-4E67-B19A-159B697CBA84}.Release|Any CPU.Build.0 = Release|Any CPU
	EndGlobalSection
	GlobalSection(SolutionProperties) = preSolution
		HideSolutionNode = FALSE
	EndGlobalSection
	GlobalSection(ExtensibilityGlobals) = postSolution
		SolutionGuid = {6EE93D45-DBC2-425F-9414-33D94C151C2C}
	EndGlobalSection
EndGlobal
