
Microsoft Visual Studio Solution File, Format Version 12.00
# Visual Studio 15
VisualStudioVersion = 15.0.28307.1321
MinimumVisualStudioVersion = 10.0.40219.1
Project("{FAE04EC0-301F-11D3-BF4B-00C04F79EFBC}") = "Kapitulli_8_detyra12", "Kapitulli_8_detyra12\Kapitulli_8_detyra12.csproj", "{594414D9-346F-4BA6-A545-697244E07CE3}"
EndProject
Global
	GlobalSection(SolutionConfigurationPlatforms) = preSolution
		Debug|Any CPU = Debug|Any CPU
		Release|Any CPU = Release|Any CPU
	EndGlobalSection
	GlobalSection(ProjectConfigurationPlatforms) = postSolution
		{594414D9-346F-4BA6-A545-697244E07CE3}.Debug|Any CPU.ActiveCfg = Debug|Any CPU
		{594414D9-346F-4BA6-A545-697244E07CE3}.Debug|Any CPU.Build.0 = Debug|Any CPU
		{594414D9-346F-4BA6-A545-697244E07CE3}.Release|Any CPU.ActiveCfg = Release|Any CPU
		{594414D9-346F-4BA6-A545-697244E07CE3}.Release|Any CPU.Build.0 = Release|Any CPU
	EndGlobalSection
	GlobalSection(SolutionProperties) = preSolution
		HideSolutionNode = FALSE
	EndGlobalSection
	GlobalSection(ExtensibilityGlobals) = postSolution
		SolutionGuid = {7C91218C-0EAD-4219-A777-DD47889314A9}
	EndGlobalSection
EndGlobal
