
Microsoft Visual Studio Solution File, Format Version 12.00
# Visual Studio 15
VisualStudioVersion = 15.0.28307.1321
MinimumVisualStudioVersion = 10.0.40219.1
Project("{FAE04EC0-301F-11D3-BF4B-00C04F79EFBC}") = "Kapitulli_6_detyra4", "Kapitulli_6_detyra4\Kapitulli_6_detyra4.csproj", "{EB766161-F701-4782-86F7-15CC736EA3EE}"
EndProject
Global
	GlobalSection(SolutionConfigurationPlatforms) = preSolution
		Debug|Any CPU = Debug|Any CPU
		Release|Any CPU = Release|Any CPU
	EndGlobalSection
	GlobalSection(ProjectConfigurationPlatforms) = postSolution
		{EB766161-F701-4782-86F7-15CC736EA3EE}.Debug|Any CPU.ActiveCfg = Debug|Any CPU
		{EB766161-F701-4782-86F7-15CC736EA3EE}.Debug|Any CPU.Build.0 = Debug|Any CPU
		{EB766161-F701-4782-86F7-15CC736EA3EE}.Release|Any CPU.ActiveCfg = Release|Any CPU
		{EB766161-F701-4782-86F7-15CC736EA3EE}.Release|Any CPU.Build.0 = Release|Any CPU
	EndGlobalSection
	GlobalSection(SolutionProperties) = preSolution
		HideSolutionNode = FALSE
	EndGlobalSection
	GlobalSection(ExtensibilityGlobals) = postSolution
		SolutionGuid = {C2E77B69-17C3-47B5-9FD8-C0ADA6EBB95B}
	EndGlobalSection
EndGlobal
