
Microsoft Visual Studio Solution File, Format Version 12.00
# Visual Studio 15
VisualStudioVersion = 15.0.28307.1321
MinimumVisualStudioVersion = 10.0.40219.1
Project("{FAE04EC0-301F-11D3-BF4B-00C04F79EFBC}") = "Kapitulli_4_detyra9", "Kapitulli_4_detyra9\Kapitulli_4_detyra9.csproj", "{8765CF7F-8BA6-4D3B-B1F1-F702DA2A1439}"
EndProject
Global
	GlobalSection(SolutionConfigurationPlatforms) = preSolution
		Debug|Any CPU = Debug|Any CPU
		Release|Any CPU = Release|Any CPU
	EndGlobalSection
	GlobalSection(ProjectConfigurationPlatforms) = postSolution
		{8765CF7F-8BA6-4D3B-B1F1-F702DA2A1439}.Debug|Any CPU.ActiveCfg = Debug|Any CPU
		{8765CF7F-8BA6-4D3B-B1F1-F702DA2A1439}.Debug|Any CPU.Build.0 = Debug|Any CPU
		{8765CF7F-8BA6-4D3B-B1F1-F702DA2A1439}.Release|Any CPU.ActiveCfg = Release|Any CPU
		{8765CF7F-8BA6-4D3B-B1F1-F702DA2A1439}.Release|Any CPU.Build.0 = Release|Any CPU
	EndGlobalSection
	GlobalSection(SolutionProperties) = preSolution
		HideSolutionNode = FALSE
	EndGlobalSection
	GlobalSection(ExtensibilityGlobals) = postSolution
		SolutionGuid = {232AF448-7B25-44FF-87B1-428CEE767FC3}
	EndGlobalSection
EndGlobal
