
Microsoft Visual Studio Solution File, Format Version 12.00
# Visual Studio 15
VisualStudioVersion = 15.0.28307.1321
MinimumVisualStudioVersion = 10.0.40219.1
Project("{FAE04EC0-301F-11D3-BF4B-00C04F79EFBC}") = "Kapitulli_4_detyra3", "Kapitulli_4_detyra3\Kapitulli_4_detyra3.csproj", "{2B07E38F-782C-44AF-B688-22C3A018A47A}"
EndProject
Global
	GlobalSection(SolutionConfigurationPlatforms) = preSolution
		Debug|Any CPU = Debug|Any CPU
		Release|Any CPU = Release|Any CPU
	EndGlobalSection
	GlobalSection(ProjectConfigurationPlatforms) = postSolution
		{2B07E38F-782C-44AF-B688-22C3A018A47A}.Debug|Any CPU.ActiveCfg = Debug|Any CPU
		{2B07E38F-782C-44AF-B688-22C3A018A47A}.Debug|Any CPU.Build.0 = Debug|Any CPU
		{2B07E38F-782C-44AF-B688-22C3A018A47A}.Release|Any CPU.ActiveCfg = Release|Any CPU
		{2B07E38F-782C-44AF-B688-22C3A018A47A}.Release|Any CPU.Build.0 = Release|Any CPU
	EndGlobalSection
	GlobalSection(SolutionProperties) = preSolution
		HideSolutionNode = FALSE
	EndGlobalSection
	GlobalSection(ExtensibilityGlobals) = postSolution
		SolutionGuid = {1BC8CD44-F382-454A-A820-75D884C77FC5}
	EndGlobalSection
EndGlobal
