
Microsoft Visual Studio Solution File, Format Version 12.00
# Visual Studio 15
VisualStudioVersion = 15.0.28307.1321
MinimumVisualStudioVersion = 10.0.40219.1
Project("{FAE04EC0-301F-11D3-BF4B-00C04F79EFBC}") = "Kapitulli_7_detyra15", "Kapitulli_7_detyra15\Kapitulli_7_detyra15.csproj", "{CF4761FD-B93B-4853-8E31-C770E6385527}"
EndProject
Global
	GlobalSection(SolutionConfigurationPlatforms) = preSolution
		Debug|Any CPU = Debug|Any CPU
		Release|Any CPU = Release|Any CPU
	EndGlobalSection
	GlobalSection(ProjectConfigurationPlatforms) = postSolution
		{CF4761FD-B93B-4853-8E31-C770E6385527}.Debug|Any CPU.ActiveCfg = Debug|Any CPU
		{CF4761FD-B93B-4853-8E31-C770E6385527}.Debug|Any CPU.Build.0 = Debug|Any CPU
		{CF4761FD-B93B-4853-8E31-C770E6385527}.Release|Any CPU.ActiveCfg = Release|Any CPU
		{CF4761FD-B93B-4853-8E31-C770E6385527}.Release|Any CPU.Build.0 = Release|Any CPU
	EndGlobalSection
	GlobalSection(SolutionProperties) = preSolution
		HideSolutionNode = FALSE
	EndGlobalSection
	GlobalSection(ExtensibilityGlobals) = postSolution
		SolutionGuid = {296AE162-3DC0-4EAD-8067-66671B906B72}
	EndGlobalSection
EndGlobal
