
Microsoft Visual Studio Solution File, Format Version 12.00
# Visual Studio 15
VisualStudioVersion = 15.0.28307.1321
MinimumVisualStudioVersion = 10.0.40219.1
Project("{FAE04EC0-301F-11D3-BF4B-00C04F79EFBC}") = "Kapitulli_1_detyra6", "Kapitulli_1_detyra6\Kapitulli_1_detyra6.csproj", "{80D69BF4-320D-4B7F-BB11-7CADE10C74A6}"
EndProject
Global
	GlobalSection(SolutionConfigurationPlatforms) = preSolution
		Debug|Any CPU = Debug|Any CPU
		Release|Any CPU = Release|Any CPU
	EndGlobalSection
	GlobalSection(ProjectConfigurationPlatforms) = postSolution
		{80D69BF4-320D-4B7F-BB11-7CADE10C74A6}.Debug|Any CPU.ActiveCfg = Debug|Any CPU
		{80D69BF4-320D-4B7F-BB11-7CADE10C74A6}.Debug|Any CPU.Build.0 = Debug|Any CPU
		{80D69BF4-320D-4B7F-BB11-7CADE10C74A6}.Release|Any CPU.ActiveCfg = Release|Any CPU
		{80D69BF4-320D-4B7F-BB11-7CADE10C74A6}.Release|Any CPU.Build.0 = Release|Any CPU
	EndGlobalSection
	GlobalSection(SolutionProperties) = preSolution
		HideSolutionNode = FALSE
	EndGlobalSection
	GlobalSection(ExtensibilityGlobals) = postSolution
		SolutionGuid = {F7982205-3EBC-44CD-B011-98725F9892E9}
	EndGlobalSection
EndGlobal
