
Microsoft Visual Studio Solution File, Format Version 12.00
# Visual Studio 15
VisualStudioVersion = 15.0.28307.1321
MinimumVisualStudioVersion = 10.0.40219.1
Project("{FAE04EC0-301F-11D3-BF4B-00C04F79EFBC}") = "Kapitulli_8_detyra11", "Kapitulli_8_detyra11\Kapitulli_8_detyra11.csproj", "{7CE38EEF-57E5-4C09-95CF-F4702743DFC4}"
EndProject
Global
	GlobalSection(SolutionConfigurationPlatforms) = preSolution
		Debug|Any CPU = Debug|Any CPU
		Release|Any CPU = Release|Any CPU
	EndGlobalSection
	GlobalSection(ProjectConfigurationPlatforms) = postSolution
		{7CE38EEF-57E5-4C09-95CF-F4702743DFC4}.Debug|Any CPU.ActiveCfg = Debug|Any CPU
		{7CE38EEF-57E5-4C09-95CF-F4702743DFC4}.Debug|Any CPU.Build.0 = Debug|Any CPU
		{7CE38EEF-57E5-4C09-95CF-F4702743DFC4}.Release|Any CPU.ActiveCfg = Release|Any CPU
		{7CE38EEF-57E5-4C09-95CF-F4702743DFC4}.Release|Any CPU.Build.0 = Release|Any CPU
	EndGlobalSection
	GlobalSection(SolutionProperties) = preSolution
		HideSolutionNode = FALSE
	EndGlobalSection
	GlobalSection(ExtensibilityGlobals) = postSolution
		SolutionGuid = {5E68DF78-5FC4-41B5-96D0-AA07C2D44DDC}
	EndGlobalSection
EndGlobal
