
Microsoft Visual Studio Solution File, Format Version 12.00
# Visual Studio 15
VisualStudioVersion = 15.0.28307.1321
MinimumVisualStudioVersion = 10.0.40219.1
Project("{FAE04EC0-301F-11D3-BF4B-00C04F79EFBC}") = "Kapitulli_7_detyra7", "Kapitulli_7_detyra7\Kapitulli_7_detyra7.csproj", "{7BE22C11-2AFF-4E2C-90B3-5551768E890B}"
EndProject
Global
	GlobalSection(SolutionConfigurationPlatforms) = preSolution
		Debug|Any CPU = Debug|Any CPU
		Release|Any CPU = Release|Any CPU
	EndGlobalSection
	GlobalSection(ProjectConfigurationPlatforms) = postSolution
		{7BE22C11-2AFF-4E2C-90B3-5551768E890B}.Debug|Any CPU.ActiveCfg = Debug|Any CPU
		{7BE22C11-2AFF-4E2C-90B3-5551768E890B}.Debug|Any CPU.Build.0 = Debug|Any CPU
		{7BE22C11-2AFF-4E2C-90B3-5551768E890B}.Release|Any CPU.ActiveCfg = Release|Any CPU
		{7BE22C11-2AFF-4E2C-90B3-5551768E890B}.Release|Any CPU.Build.0 = Release|Any CPU
	EndGlobalSection
	GlobalSection(SolutionProperties) = preSolution
		HideSolutionNode = FALSE
	EndGlobalSection
	GlobalSection(ExtensibilityGlobals) = postSolution
		SolutionGuid = {8AC00980-A790-4C85-9A8C-D09C516FCD69}
	EndGlobalSection
EndGlobal
