
Microsoft Visual Studio Solution File, Format Version 12.00
# Visual Studio 15
VisualStudioVersion = 15.0.28307.1321
MinimumVisualStudioVersion = 10.0.40219.1
Project("{FAE04EC0-301F-11D3-BF4B-00C04F79EFBC}") = "Kapitulli_4_detyra8", "Kapitulli_4_detyra8\Kapitulli_4_detyra8.csproj", "{6F491B96-8617-4D55-BC3F-0B7C6D8EACE4}"
EndProject
Global
	GlobalSection(SolutionConfigurationPlatforms) = preSolution
		Debug|Any CPU = Debug|Any CPU
		Release|Any CPU = Release|Any CPU
	EndGlobalSection
	GlobalSection(ProjectConfigurationPlatforms) = postSolution
		{6F491B96-8617-4D55-BC3F-0B7C6D8EACE4}.Debug|Any CPU.ActiveCfg = Debug|Any CPU
		{6F491B96-8617-4D55-BC3F-0B7C6D8EACE4}.Debug|Any CPU.Build.0 = Debug|Any CPU
		{6F491B96-8617-4D55-BC3F-0B7C6D8EACE4}.Release|Any CPU.ActiveCfg = Release|Any CPU
		{6F491B96-8617-4D55-BC3F-0B7C6D8EACE4}.Release|Any CPU.Build.0 = Release|Any CPU
	EndGlobalSection
	GlobalSection(SolutionProperties) = preSolution
		HideSolutionNode = FALSE
	EndGlobalSection
	GlobalSection(ExtensibilityGlobals) = postSolution
		SolutionGuid = {53C4713A-0BEF-4017-9E9D-76D2AAB73704}
	EndGlobalSection
EndGlobal
