
Microsoft Visual Studio Solution File, Format Version 12.00
# Visual Studio 15
VisualStudioVersion = 15.0.28307.1321
MinimumVisualStudioVersion = 10.0.40219.1
Project("{FAE04EC0-301F-11D3-BF4B-00C04F79EFBC}") = "Kapitulli_2_detyra3", "Kapitulli_2_detyra3\Kapitulli_2_detyra3.csproj", "{9C0CF3F2-7022-4743-B719-D9C4AD42C9DD}"
EndProject
Global
	GlobalSection(SolutionConfigurationPlatforms) = preSolution
		Debug|Any CPU = Debug|Any CPU
		Release|Any CPU = Release|Any CPU
	EndGlobalSection
	GlobalSection(ProjectConfigurationPlatforms) = postSolution
		{9C0CF3F2-7022-4743-B719-D9C4AD42C9DD}.Debug|Any CPU.ActiveCfg = Debug|Any CPU
		{9C0CF3F2-7022-4743-B719-D9C4AD42C9DD}.Debug|Any CPU.Build.0 = Debug|Any CPU
		{9C0CF3F2-7022-4743-B719-D9C4AD42C9DD}.Release|Any CPU.ActiveCfg = Release|Any CPU
		{9C0CF3F2-7022-4743-B719-D9C4AD42C9DD}.Release|Any CPU.Build.0 = Release|Any CPU
	EndGlobalSection
	GlobalSection(SolutionProperties) = preSolution
		HideSolutionNode = FALSE
	EndGlobalSection
	GlobalSection(ExtensibilityGlobals) = postSolution
		SolutionGuid = {44AF36ED-E13E-4AAC-AA50-5D43C8541D19}
	EndGlobalSection
EndGlobal
