
Microsoft Visual Studio Solution File, Format Version 12.00
# Visual Studio 15
VisualStudioVersion = 15.0.28307.1321
MinimumVisualStudioVersion = 10.0.40219.1
Project("{FAE04EC0-301F-11D3-BF4B-00C04F79EFBC}") = "Kapitulli_7_detyra12a", "Kapitulli_7_detyra12a\Kapitulli_7_detyra12a.csproj", "{7E3EC85F-DC04-41BF-B75A-DB55C7D88A0C}"
EndProject
Global
	GlobalSection(SolutionConfigurationPlatforms) = preSolution
		Debug|Any CPU = Debug|Any CPU
		Release|Any CPU = Release|Any CPU
	EndGlobalSection
	GlobalSection(ProjectConfigurationPlatforms) = postSolution
		{7E3EC85F-DC04-41BF-B75A-DB55C7D88A0C}.Debug|Any CPU.ActiveCfg = Debug|Any CPU
		{7E3EC85F-DC04-41BF-B75A-DB55C7D88A0C}.Debug|Any CPU.Build.0 = Debug|Any CPU
		{7E3EC85F-DC04-41BF-B75A-DB55C7D88A0C}.Release|Any CPU.ActiveCfg = Release|Any CPU
		{7E3EC85F-DC04-41BF-B75A-DB55C7D88A0C}.Release|Any CPU.Build.0 = Release|Any CPU
	EndGlobalSection
	GlobalSection(SolutionProperties) = preSolution
		HideSolutionNode = FALSE
	EndGlobalSection
	GlobalSection(ExtensibilityGlobals) = postSolution
		SolutionGuid = {3EC37F88-F501-4465-B229-4A43C2C21F59}
	EndGlobalSection
EndGlobal
