
Microsoft Visual Studio Solution File, Format Version 12.00
# Visual Studio 15
VisualStudioVersion = 15.0.28307.1321
MinimumVisualStudioVersion = 10.0.40219.1
Project("{FAE04EC0-301F-11D3-BF4B-00C04F79EFBC}") = "Kapitulli_5_detyra5", "Kapitulli_5_detyra5\Kapitulli_5_detyra5.csproj", "{9D9D5DE8-8B57-473D-8102-0D94D429EC2A}"
EndProject
Global
	GlobalSection(SolutionConfigurationPlatforms) = preSolution
		Debug|Any CPU = Debug|Any CPU
		Release|Any CPU = Release|Any CPU
	EndGlobalSection
	GlobalSection(ProjectConfigurationPlatforms) = postSolution
		{9D9D5DE8-8B57-473D-8102-0D94D429EC2A}.Debug|Any CPU.ActiveCfg = Debug|Any CPU
		{9D9D5DE8-8B57-473D-8102-0D94D429EC2A}.Debug|Any CPU.Build.0 = Debug|Any CPU
		{9D9D5DE8-8B57-473D-8102-0D94D429EC2A}.Release|Any CPU.ActiveCfg = Release|Any CPU
		{9D9D5DE8-8B57-473D-8102-0D94D429EC2A}.Release|Any CPU.Build.0 = Release|Any CPU
	EndGlobalSection
	GlobalSection(SolutionProperties) = preSolution
		HideSolutionNode = FALSE
	EndGlobalSection
	GlobalSection(ExtensibilityGlobals) = postSolution
		SolutionGuid = {8EEF5FA9-751E-420D-AC50-231F1C010AC6}
	EndGlobalSection
EndGlobal
