
Microsoft Visual Studio Solution File, Format Version 12.00
# Visual Studio 15
VisualStudioVersion = 15.0.28307.1321
MinimumVisualStudioVersion = 10.0.40219.1
Project("{FAE04EC0-301F-11D3-BF4B-00C04F79EFBC}") = "Kapitulli_7_detyra6", "Kapitulli_7_detyra6\Kapitulli_7_detyra6.csproj", "{ADA7BAFA-91BD-45A8-8559-FBD529AAF766}"
EndProject
Global
	GlobalSection(SolutionConfigurationPlatforms) = preSolution
		Debug|Any CPU = Debug|Any CPU
		Release|Any CPU = Release|Any CPU
	EndGlobalSection
	GlobalSection(ProjectConfigurationPlatforms) = postSolution
		{ADA7BAFA-91BD-45A8-8559-FBD529AAF766}.Debug|Any CPU.ActiveCfg = Debug|Any CPU
		{ADA7BAFA-91BD-45A8-8559-FBD529AAF766}.Debug|Any CPU.Build.0 = Debug|Any CPU
		{ADA7BAFA-91BD-45A8-8559-FBD529AAF766}.Release|Any CPU.ActiveCfg = Release|Any CPU
		{ADA7BAFA-91BD-45A8-8559-FBD529AAF766}.Release|Any CPU.Build.0 = Release|Any CPU
	EndGlobalSection
	GlobalSection(SolutionProperties) = preSolution
		HideSolutionNode = FALSE
	EndGlobalSection
	GlobalSection(ExtensibilityGlobals) = postSolution
		SolutionGuid = {10C1884D-3B8B-477D-A3EF-61B6B4136B36}
	EndGlobalSection
EndGlobal
