
Microsoft Visual Studio Solution File, Format Version 12.00
# Visual Studio 15
VisualStudioVersion = 15.0.28307.1321
MinimumVisualStudioVersion = 10.0.40219.1
Project("{FAE04EC0-301F-11D3-BF4B-00C04F79EFBC}") = "Kapitulli_3_detyra13", "Kapitulli_3_detyra13\Kapitulli_3_detyra13.csproj", "{E1E3555D-5A9E-4F73-BAAF-893854C04B56}"
EndProject
Global
	GlobalSection(SolutionConfigurationPlatforms) = preSolution
		Debug|Any CPU = Debug|Any CPU
		Release|Any CPU = Release|Any CPU
	EndGlobalSection
	GlobalSection(ProjectConfigurationPlatforms) = postSolution
		{E1E3555D-5A9E-4F73-BAAF-893854C04B56}.Debug|Any CPU.ActiveCfg = Debug|Any CPU
		{E1E3555D-5A9E-4F73-BAAF-893854C04B56}.Debug|Any CPU.Build.0 = Debug|Any CPU
		{E1E3555D-5A9E-4F73-BAAF-893854C04B56}.Release|Any CPU.ActiveCfg = Release|Any CPU
		{E1E3555D-5A9E-4F73-BAAF-893854C04B56}.Release|Any CPU.Build.0 = Release|Any CPU
	EndGlobalSection
	GlobalSection(SolutionProperties) = preSolution
		HideSolutionNode = FALSE
	EndGlobalSection
	GlobalSection(ExtensibilityGlobals) = postSolution
		SolutionGuid = {558773C8-57B0-4D2B-9318-C9E38571D538}
	EndGlobalSection
EndGlobal
