
Microsoft Visual Studio Solution File, Format Version 12.00
# Visual Studio 15
VisualStudioVersion = 15.0.28307.1321
MinimumVisualStudioVersion = 10.0.40219.1
Project("{FAE04EC0-301F-11D3-BF4B-00C04F79EFBC}") = "Kapitulli_10_detyra7", "Kapitulli_10_detyra7\Kapitulli_10_detyra7.csproj", "{C163025E-9944-4084-B0C0-0D242434D2C2}"
EndProject
Global
	GlobalSection(SolutionConfigurationPlatforms) = preSolution
		Debug|Any CPU = Debug|Any CPU
		Release|Any CPU = Release|Any CPU
	EndGlobalSection
	GlobalSection(ProjectConfigurationPlatforms) = postSolution
		{C163025E-9944-4084-B0C0-0D242434D2C2}.Debug|Any CPU.ActiveCfg = Debug|Any CPU
		{C163025E-9944-4084-B0C0-0D242434D2C2}.Debug|Any CPU.Build.0 = Debug|Any CPU
		{C163025E-9944-4084-B0C0-0D242434D2C2}.Release|Any CPU.ActiveCfg = Release|Any CPU
		{C163025E-9944-4084-B0C0-0D242434D2C2}.Release|Any CPU.Build.0 = Release|Any CPU
	EndGlobalSection
	GlobalSection(SolutionProperties) = preSolution
		HideSolutionNode = FALSE
	EndGlobalSection
	GlobalSection(ExtensibilityGlobals) = postSolution
		SolutionGuid = {5F0BBAAE-4BAF-4B3C-B635-7D7BCC61A46B}
	EndGlobalSection
EndGlobal
