
Microsoft Visual Studio Solution File, Format Version 12.00
# Visual Studio 15
VisualStudioVersion = 15.0.28307.1321
MinimumVisualStudioVersion = 10.0.40219.1
Project("{FAE04EC0-301F-11D3-BF4B-00C04F79EFBC}") = "Kapitulli_7_detyra12d", "Kapitulli_7_detyra12d\Kapitulli_7_detyra12d.csproj", "{2A489AE7-502A-4402-AFAE-FDB34CA13530}"
EndProject
Global
	GlobalSection(SolutionConfigurationPlatforms) = preSolution
		Debug|Any CPU = Debug|Any CPU
		Release|Any CPU = Release|Any CPU
	EndGlobalSection
	GlobalSection(ProjectConfigurationPlatforms) = postSolution
		{2A489AE7-502A-4402-AFAE-FDB34CA13530}.Debug|Any CPU.ActiveCfg = Debug|Any CPU
		{2A489AE7-502A-4402-AFAE-FDB34CA13530}.Debug|Any CPU.Build.0 = Debug|Any CPU
		{2A489AE7-502A-4402-AFAE-FDB34CA13530}.Release|Any CPU.ActiveCfg = Release|Any CPU
		{2A489AE7-502A-4402-AFAE-FDB34CA13530}.Release|Any CPU.Build.0 = Release|Any CPU
	EndGlobalSection
	GlobalSection(SolutionProperties) = preSolution
		HideSolutionNode = FALSE
	EndGlobalSection
	GlobalSection(ExtensibilityGlobals) = postSolution
		SolutionGuid = {345AC24A-838B-483C-86BF-2AF786BCEB55}
	EndGlobalSection
EndGlobal
