
Microsoft Visual Studio Solution File, Format Version 12.00
# Visual Studio 15
VisualStudioVersion = 15.0.28307.1321
MinimumVisualStudioVersion = 10.0.40219.1
Project("{FAE04EC0-301F-11D3-BF4B-00C04F79EFBC}") = "Kapitulli_3_detyra6", "Kapitulli_3_detyra6\Kapitulli_3_detyra6.csproj", "{FC849BF4-735B-433C-850D-6CC1D9865E0D}"
EndProject
Global
	GlobalSection(SolutionConfigurationPlatforms) = preSolution
		Debug|Any CPU = Debug|Any CPU
		Release|Any CPU = Release|Any CPU
	EndGlobalSection
	GlobalSection(ProjectConfigurationPlatforms) = postSolution
		{FC849BF4-735B-433C-850D-6CC1D9865E0D}.Debug|Any CPU.ActiveCfg = Debug|Any CPU
		{FC849BF4-735B-433C-850D-6CC1D9865E0D}.Debug|Any CPU.Build.0 = Debug|Any CPU
		{FC849BF4-735B-433C-850D-6CC1D9865E0D}.Release|Any CPU.ActiveCfg = Release|Any CPU
		{FC849BF4-735B-433C-850D-6CC1D9865E0D}.Release|Any CPU.Build.0 = Release|Any CPU
	EndGlobalSection
	GlobalSection(SolutionProperties) = preSolution
		HideSolutionNode = FALSE
	EndGlobalSection
	GlobalSection(ExtensibilityGlobals) = postSolution
		SolutionGuid = {E128A702-5661-45D5-9346-C19ABE118CD8}
	EndGlobalSection
EndGlobal
