
Microsoft Visual Studio Solution File, Format Version 12.00
# Visual Studio 15
VisualStudioVersion = 15.0.28307.1321
MinimumVisualStudioVersion = 10.0.40219.1
Project("{FAE04EC0-301F-11D3-BF4B-00C04F79EFBC}") = "Kapitulli_2_detyra4", "Kapitulli_2_detyra4\Kapitulli_2_detyra4.csproj", "{8A0F14C4-BCBB-4C62-847A-F27A873D9173}"
EndProject
Global
	GlobalSection(SolutionConfigurationPlatforms) = preSolution
		Debug|Any CPU = Debug|Any CPU
		Release|Any CPU = Release|Any CPU
	EndGlobalSection
	GlobalSection(ProjectConfigurationPlatforms) = postSolution
		{8A0F14C4-BCBB-4C62-847A-F27A873D9173}.Debug|Any CPU.ActiveCfg = Debug|Any CPU
		{8A0F14C4-BCBB-4C62-847A-F27A873D9173}.Debug|Any CPU.Build.0 = Debug|Any CPU
		{8A0F14C4-BCBB-4C62-847A-F27A873D9173}.Release|Any CPU.ActiveCfg = Release|Any CPU
		{8A0F14C4-BCBB-4C62-847A-F27A873D9173}.Release|Any CPU.Build.0 = Release|Any CPU
	EndGlobalSection
	GlobalSection(SolutionProperties) = preSolution
		HideSolutionNode = FALSE
	EndGlobalSection
	GlobalSection(ExtensibilityGlobals) = postSolution
		SolutionGuid = {0FA01AE6-5779-46F6-83E4-3F4BC82C65B7}
	EndGlobalSection
EndGlobal
